
Microsoft Visual Studio Solution File, Format Version 12.00
# Visual Studio Version 17
VisualStudioVersion = 17.14.36429.23
MinimumVisualStudioVersion = 10.0.40219.1
Project("{FAE04EC0-301F-11D3-BF4B-00C04F79EFBC}") = "ProjectManagementService.API", "ProjectManagementService\ProjectManagementService.API\ProjectManagementService.API.csproj", "{91DAEA81-A8AF-4336-B9A9-5ED0B9677210}"
EndProject
Project("{FAE04EC0-301F-11D3-BF4B-00C04F79EFBC}") = "ProjectManagementService.Infrastructure", "ProjectManagementService\ProjectManagementService.Infrastructure\ProjectManagementService.Infrastructure.csproj", "{1F97EAD2-B080-4E15-922D-CB04DC4F0082}"
EndProject
Project("{FAE04EC0-301F-11D3-BF4B-00C04F79EFBC}") = "ProjectManagementService.Application", "ProjectManagementService\ProjectManagementService.Application\ProjectManagementService.Application.csproj", "{3EE654EC-84C9-4D3A-BE01-8625206C5DAA}"
EndProject
Project("{FAE04EC0-301F-11D3-BF4B-00C04F79EFBC}") = "ProjectManagementService.Domain", "ProjectManagementService\ProjectManagementService.Domain\ProjectManagementService.Domain.csproj", "{97D624A7-14CD-4AA5-952C-085491D291A4}"
EndProject
Project("{2150E333-8FDC-42A3-9474-1A3956D46DE8}") = "ProjectManagementService", "ProjectManagementService", "{40875DB0-F294-4869-9E35-0DE55A1139C1}"
EndProject
Project("{2150E333-8FDC-42A3-9474-1A3956D46DE8}") = "UtilityManagementService", "UtilityManagementService", "{7F0E0C4C-DEFD-4CE1-9AB9-87CF83435295}"
EndProject
Project("{FAE04EC0-301F-11D3-BF4B-00C04F79EFBC}") = "UtilityService", "UtilityService\UtilityService.csproj", "{5ECA0F4E-E504-4B21-B737-E5792F5ECD57}"
EndProject
Project("{FAE04EC0-301F-11D3-BF4B-00C04F79EFBC}") = "Boversal.Gateway", "Boversal.Gateway\Boversal.Gateway.csproj", "{86AF5BA5-D411-467D-88FC-F2985AD859D3}"
EndProject
Global
	GlobalSection(SolutionConfigurationPlatforms) = preSolution
		Debug|Any CPU = Debug|Any CPU
		Release|Any CPU = Release|Any CPU
	EndGlobalSection
	GlobalSection(ProjectConfigurationPlatforms) = postSolution
		{91DAEA81-A8AF-4336-B9A9-5ED0B9677210}.Debug|Any CPU.ActiveCfg = Debug|Any CPU
		{91DAEA81-A8AF-4336-B9A9-5ED0B9677210}.Debug|Any CPU.Build.0 = Debug|Any CPU
		{91DAEA81-A8AF-4336-B9A9-5ED0B9677210}.Release|Any CPU.ActiveCfg = Release|Any CPU
		{91DAEA81-A8AF-4336-B9A9-5ED0B9677210}.Release|Any CPU.Build.0 = Release|Any CPU
		{1F97EAD2-B080-4E15-922D-CB04DC4F0082}.Debug|Any CPU.ActiveCfg = Debug|Any CPU
		{1F97EAD2-B080-4E15-922D-CB04DC4F0082}.Debug|Any CPU.Build.0 = Debug|Any CPU
		{1F97EAD2-B080-4E15-922D-CB04DC4F0082}.Release|Any CPU.ActiveCfg = Release|Any CPU
		{1F97EAD2-B080-4E15-922D-CB04DC4F0082}.Release|Any CPU.Build.0 = Release|Any CPU
		{3EE654EC-84C9-4D3A-BE01-8625206C5DAA}.Debug|Any CPU.ActiveCfg = Debug|Any CPU
		{3EE654EC-84C9-4D3A-BE01-8625206C5DAA}.Debug|Any CPU.Build.0 = Debug|Any CPU
		{3EE654EC-84C9-4D3A-BE01-8625206C5DAA}.Release|Any CPU.ActiveCfg = Release|Any CPU
		{3EE654EC-84C9-4D3A-BE01-8625206C5DAA}.Release|Any CPU.Build.0 = Release|Any CPU
		{97D624A7-14CD-4AA5-952C-085491D291A4}.Debug|Any CPU.ActiveCfg = Debug|Any CPU
		{97D624A7-14CD-4AA5-952C-085491D291A4}.Debug|Any CPU.Build.0 = Debug|Any CPU
		{97D624A7-14CD-4AA5-952C-085491D291A4}.Release|Any CPU.ActiveCfg = Release|Any CPU
		{97D624A7-14CD-4AA5-952C-085491D291A4}.Release|Any CPU.Build.0 = Release|Any CPU
		{5ECA0F4E-E504-4B21-B737-E5792F5ECD57}.Debug|Any CPU.ActiveCfg = Debug|Any CPU
		{5ECA0F4E-E504-4B21-B737-E5792F5ECD57}.Debug|Any CPU.Build.0 = Debug|Any CPU
		{5ECA0F4E-E504-4B21-B737-E5792F5ECD57}.Release|Any CPU.ActiveCfg = Release|Any CPU
		{5ECA0F4E-E504-4B21-B737-E5792F5ECD57}.Release|Any CPU.Build.0 = Release|Any CPU
		{86AF5BA5-D411-467D-88FC-F2985AD859D3}.Debug|Any CPU.ActiveCfg = Debug|Any CPU
		{86AF5BA5-D411-467D-88FC-F2985AD859D3}.Debug|Any CPU.Build.0 = Debug|Any CPU
		{86AF5BA5-D411-467D-88FC-F2985AD859D3}.Release|Any CPU.ActiveCfg = Release|Any CPU
		{86AF5BA5-D411-467D-88FC-F2985AD859D3}.Release|Any CPU.Build.0 = Release|Any CPU
	EndGlobalSection
	GlobalSection(SolutionProperties) = preSolution
		HideSolutionNode = FALSE
	EndGlobalSection
	GlobalSection(NestedProjects) = preSolution
		{91DAEA81-A8AF-4336-B9A9-5ED0B9677210} = {40875DB0-F294-4869-9E35-0DE55A1139C1}
		{1F97EAD2-B080-4E15-922D-CB04DC4F0082} = {40875DB0-F294-4869-9E35-0DE55A1139C1}
		{3EE654EC-84C9-4D3A-BE01-8625206C5DAA} = {40875DB0-F294-4869-9E35-0DE55A1139C1}
		{97D624A7-14CD-4AA5-952C-085491D291A4} = {40875DB0-F294-4869-9E35-0DE55A1139C1}
		{5ECA0F4E-E504-4B21-B737-E5792F5ECD57} = {7F0E0C4C-DEFD-4CE1-9AB9-87CF83435295}
	EndGlobalSection
	GlobalSection(ExtensibilityGlobals) = postSolution
		SolutionGuid = {2D5FF4FB-B72C-4109-AD61-9F1B4C7DF2DB}
	EndGlobalSection
EndGlobal
